{
	"name": "actioncable-vue",
	"version": "1.0.0",
	"lockfileVersion": 1,
	"requires": true,
	"dependencies": {
		"actioncable": {
			"version": "5.2.2",
			"resolved": "https://registry.npmjs.org/actioncable/-/actioncable-5.2.2.tgz",
			"integrity": "sha512-uZveOQ0OL1z8VwYqA84gMMfLMPHpS/GsnodS8oVh1xTUYeMf1L80gAbTVVVVVj84zUf7lOiIZMaiY0IlXNsgiw=="
		}
	}
}
